// !$*UTF8*$!
{
	archiveVersion = 1;
	classes = {
	};
	objectVersion = 50;
	objects = {

/* Begin PBXBuildFile section */
		5A8297A7237DEFA000D7A051 /* AppDelegate.swift in Sources */ = {isa = PBXBuildFile; fileRef = 5A8297A6237DEFA000D7A051 /* AppDelegate.swift */; };
		5A8297A9237DEFA000D7A051 /* SceneDelegate.swift in Sources */ = {isa = PBXBuildFile; fileRef = 5A8297A8237DEFA000D7A051 /* SceneDelegate.swift */; };
		5A8297AB237DEFA000D7A051 /* ViewController.swift in Sources */ = {isa = PBXBuildFile; fileRef = 5A8297AA237DEFA000D7A051 /* ViewController.swift */; };
		5A8297AE237DEFA000D7A051 /* Main.storyboard in Resources */ = {isa = PBXBuildFile; fileRef = 5A8297AC237DEFA000D7A051 /* Main.storyboard */; };
		5A8297B0237DEFA000D7A051 /* Assets.xcassets in Resources */ = {isa = PBXBuildFile; fileRef = 5A8297AF237DEFA000D7A051 /* Assets.xcassets */; };
		5A8297B3237DEFA000D7A051 /* LaunchScreen.storyboard in Resources */ = {isa = PBXBuildFile; fileRef = 5A8297B1237DEFA000D7A051 /* LaunchScreen.storyboard */; };
		5A8297BE237DEFA100D7A051 /* CassiniTests.swift in Sources */ = {isa = PBXBuildFile; fileRef = 5A8297BD237DEFA100D7A051 /* CassiniTests.swift */; };
		5A8297C9237DEFA100D7A051 /* CassiniUITests.swift in Sources */ = {isa = PBXBuildFile; fileRef = 5A8297C8237DEFA100D7A051 /* CassiniUITests.swift */; };
/* End PBXBuildFile section */

/* Begin PBXContainerItemProxy section */
		5A8297BA237DEFA100D7A051 /* PBXContainerItemProxy */ = {
			isa = PBXContainerItemProxy;
			containerPortal = 5A82979B237DEFA000D7A051 /* Project object */;
			proxyType = 1;
			remoteGlobalIDString = 5A8297A2237DEFA000D7A051;
			remoteInfo = Cassini;
		};
		5A8297C5237DEFA100D7A051 /* PBXContainerItemProxy */ = {
			isa = PBXContainerItemProxy;
			containerPortal = 5A82979B237DEFA000D7A051 /* Project object */;
			proxyType = 1;
			remoteGlobalIDString = 5A8297A2237DEFA000D7A051;
			remoteInfo = Cassini;
		};
/* End PBXContainerItemProxy section */

/* Begin PBXFileReference section */
		5A8297A3237DEFA000D7A051 /* Cassini.app */ = {isa = PBXFileReference; explicitFileType = wrapper.application; includeInIndex = 0; path = Cassini.app; sourceTree = BUILT_PRODUCTS_DIR; };
		5A8297A6237DEFA000D7A051 /* AppDelegate.swift */ = {isa = PBXFileReference; lastKnownFileType = sourcecode.swift; path = AppDelegate.swift; sourceTree = "<group>"; };
		5A8297A8237DEFA000D7A051 /* SceneDelegate.swift */ = {isa = PBXFileReference; lastKnownFileType = sourcecode.swift; path = SceneDelegate.swift; sourceTree = "<group>"; };
		5A8297AA237DEFA000D7A051 /* ViewController.swift */ = {isa = PBXFileReference; lastKnownFileType = sourcecode.swift; path = ViewController.swift; sourceTree = "<group>"; };
		5A8297AD237DEFA000D7A051 /* Base */ = {isa = PBXFileReference; lastKnownFileType = file.storyboard; name = Base; path = Base.lproj/Main.storyboard; sourceTree = "<group>"; };
		5A8297AF237DEFA000D7A051 /* Assets.xcassets */ = {isa = PBXFileReference; lastKnownFileType = folder.assetcatalog; path = Assets.xcassets; sourceTree = "<group>"; };
		5A8297B2237DEFA000D7A051 /* Base */ = {isa = PBXFileReference; lastKnownFileType = file.storyboard; name = Base; path = Base.lproj/LaunchScreen.storyboard; sourceTree = "<group>"; };
		5A8297B4237DEFA000D7A051 /* Info.plist */ = {isa = PBXFileReference; lastKnownFileType = text.plist.xml; path = Info.plist; sourceTree = "<group>"; };
		5A8297B9237DEFA100D7A051 /* CassiniTests.xctest */ = {isa = PBXFileReference; explicitFileType = wrapper.cfbundle; includeInIndex = 0; path = CassiniTests.xctest; sourceTree = BUILT_PRODUCTS_DIR; };
		5A8297BD237DEFA100D7A051 /* CassiniTests.swift */ = {isa = PBXFileReference; lastKnownFileType = sourcecode.swift; path = CassiniTests.swift; sourceTree = "<group>"; };
		5A8297BF237DEFA100D7A051 /* Info.plist */ = {isa = PBXFileReference; lastKnownFileType = text.plist.xml; path = Info.plist; sourceTree = "<group>"; };
		5A8297C4237DEFA100D7A051 /* CassiniUITests.xctest */ = {isa = PBXFileReference; explicitFileType = wrapper.cfbundle; includeInIndex = 0; path = CassiniUITests.xctest; sourceTree = BUILT_PRODUCTS_DIR; };
		5A8297C8237DEFA100D7A051 /* CassiniUITests.swift */ = {isa = PBXFileReference; lastKnownFileType = sourcecode.swift; path = CassiniUITests.swift; sourceTree = "<group>"; };
		5A8297CA237DEFA100D7A051 /* Info.plist */ = {isa = PBXFileReference; lastKnownFileType = text.plist.xml; path = Info.plist; sourceTree = "<group>"; };
/* End PBXFileReference section */

/* Begin PBXFrameworksBuildPhase section */
		5A8297A0237DEFA000D7A051 /* Frameworks */ = {
			isa = PBXFrameworksBuildPhase;
			buildActionMask = 2147483647;
			files = (
			);
			runOnlyForDeploymentPostprocessing = 0;
		};
		5A8297B6237DEFA100D7A051 /* Frameworks */ = {
			isa = PBXFrameworksBuildPhase;
			buildActionMask = 2147483647;
			files = (
			);
			runOnlyForDeploymentPostprocessing = 0;
		};
		5A8297C1237DEFA100D7A051 /* Frameworks */ = {
			isa = PBXFrameworksBuildPhase;
			buildActionMask = 2147483647;
			files = (
			);
			runOnlyForDeploymentPostprocessing = 0;
		};
/* End PBXFrameworksBuildPhase section */

/* Begin PBXGroup section */
		5A82979A237DEFA000D7A051 = {
			isa = PBXGroup;
			children = (
				5A8297A5237DEFA000D7A051 /* Cassini */,
				5A8297BC237DEFA100D7A051 /* CassiniTests */,
				5A8297C7237DEFA100D7A051 /* CassiniUITests */,
				5A8297A4237DEFA000D7A051 /* Products */,
			);
			sourceTree = "<group>";
		};
		5A8297A4237DEFA000D7A051 /* Products */ = {
			isa = PBXGroup;
			children = (
				5A8297A3237DEFA000D7A051 /* Cassini.app */,
				5A8297B9237DEFA100D7A051 /* CassiniTests.xctest */,
				5A8297C4237DEFA100D7A051 /* CassiniUITests.xctest */,
			);
			name = Products;
			sourceTree = "<group>";
		};
		5A8297A5237DEFA000D7A051 /* Cassini */ = {
			isa = PBXGroup;
			children = (
				5A8297A6237DEFA000D7A051 /* AppDelegate.swift */,
				5A8297A8237DEFA000D7A051 /* SceneDelegate.swift */,
				5A8297AA237DEFA000D7A051 /* ViewController.swift */,
				5A8297AC237DEFA000D7A051 /* Main.storyboard */,
				5A8297AF237DEFA000D7A051 /* Assets.xcassets */,
				5A8297B1237DEFA000D7A051 /* LaunchScreen.storyboard */,
				5A8297B4237DEFA000D7A051 /* Info.plist */,
			);
			path = Cassini;
			sourceTree = "<group>";
		};
		5A8297BC237DEFA100D7A051 /* CassiniTests */ = {
			isa = PBXGroup;
			children = (
				5A8297BD237DEFA100D7A051 /* CassiniTests.swift */,
				5A8297BF237DEFA100D7A051 /* Info.plist */,
			);
			path = CassiniTests;
			sourceTree = "<group>";
		};
		5A8297C7237DEFA100D7A051 /* CassiniUITests */ = {
			isa = PBXGroup;
			children = (
				5A8297C8237DEFA100D7A051 /* CassiniUITests.swift */,
				5A8297CA237DEFA100D7A051 /* Info.plist */,
			);
			path = CassiniUITests;
			sourceTree = "<group>";
		};
/* End PBXGroup section */

/* Begin PBXNativeTarget section */
		5A8297A2237DEFA000D7A051 /* Cassini */ = {
			isa = PBXNativeTarget;
			buildConfigurationList = 5A8297CD237DEFA100D7A051 /* Build configuration list for PBXNativeTarget "Cassini" */;
			buildPhases = (
				5A82979F237DEFA000D7A051 /* Sources */,
				5A8297A0237DEFA000D7A051 /* Frameworks */,
				5A8297A1237DEFA000D7A051 /* Resources */,
			);
			buildRules = (
			);
			dependencies = (
			);
			name = Cassini;
			productName = Cassini;
			productReference = 5A8297A3237DEFA000D7A051 /* Cassini.app */;
			productType = "com.apple.product-type.application";
		};
		5A8297B8237DEFA100D7A051 /* CassiniTests */ = {
			isa = PBXNativeTarget;
			buildConfigurationList = 5A8297D0237DEFA100D7A051 /* Build configuration list for PBXNativeTarget "CassiniTests" */;
			buildPhases = (
				5A8297B5237DEFA100D7A051 /* Sources */,
				5A8297B6237DEFA100D7A051 /* Frameworks */,
				5A8297B7237DEFA100D7A051 /* Resources */,
			);
			buildRules = (
			);
			dependencies = (
				5A8297BB237DEFA100D7A051 /* PBXTargetDependency */,
			);
			name = CassiniTests;
			productName = CassiniTests;
			productReference = 5A8297B9237DEFA100D7A051 /* CassiniTests.xctest */;
			productType = "com.apple.product-type.bundle.unit-test";
		};
		5A8297C3237DEFA100D7A051 /* CassiniUITests */ = {
			isa = PBXNativeTarget;
			buildConfigurationList = 5A8297D3237DEFA100D7A051 /* Build configuration list for PBXNativeTarget "CassiniUITests" */;
			buildPhases = (
				5A8297C0237DEFA100D7A051 /* Sources */,
				5A8297C1237DEFA100D7A051 /* Frameworks */,
				5A8297C2237DEFA100D7A051 /* Resources */,
			);
			buildRules = (
			);
			dependencies = (
				5A8297C6237DEFA100D7A051 /* PBXTargetDependency */,
			);
			name = CassiniUITests;
			productName = CassiniUITests;
			productReference = 5A8297C4237DEFA100D7A051 /* CassiniUITests.xctest */;
			productType = "com.apple.product-type.bundle.ui-testing";
		};
/* End PBXNativeTarget section */

/* Begin PBXProject section */
		5A82979B237DEFA000D7A051 /* Project object */ = {
			isa = PBXProject;
			attributes = {
				LastSwiftUpdateCheck = 1120;
				LastUpgradeCheck = 1120;
				ORGANIZATIONNAME = YesVladess;
				TargetAttributes = {
					5A8297A2237DEFA000D7A051 = {
						CreatedOnToolsVersion = 11.2.1;
					};
					5A8297B8237DEFA100D7A051 = {
						CreatedOnToolsVersion = 11.2.1;
						TestTargetID = 5A8297A2237DEFA000D7A051;
					};
					5A8297C3237DEFA100D7A051 = {
						CreatedOnToolsVersion = 11.2.1;
						TestTargetID = 5A8297A2237DEFA000D7A051;
					};
				};
			};
			buildConfigurationList = 5A82979E237DEFA000D7A051 /* Build configuration list for PBXProject "Cassini" */;
			compatibilityVersion = "Xcode 9.3";
			developmentRegion = en;
			hasScannedForEncodings = 0;
			knownRegions = (
				en,
				Base,
			);
			mainGroup = 5A82979A237DEFA000D7A051;
			productRefGroup = 5A8297A4237DEFA000D7A051 /* Products */;
			projectDirPath = "";
			projectRoot = "";
			targets = (
				5A8297A2237DEFA000D7A051 /* Cassini */,
				5A8297B8237DEFA100D7A051 /* CassiniTests */,
				5A8297C3237DEFA100D7A051 /* CassiniUITests */,
			);
		};
/* End PBXProject section */

/* Begin PBXResourcesBuildPhase section */
		5A8297A1237DEFA000D7A051 /* Resources */ = {
			isa = PBXResourcesBuildPhase;
			buildActionMask = 2147483647;
			files = (
				5A8297B3237DEFA000D7A051 /* LaunchScreen.storyboard in Resources */,
				5A8297B0237DEFA000D7A051 /* Assets.xcassets in Resources */,
				5A8297AE237DEFA000D7A051 /* Main.storyboard in Resources */,
			);
			runOnlyForDeploymentPostprocessing = 0;
		};
		5A8297B7237DEFA100D7A051 /* Resources */ = {
			isa = PBXResourcesBuildPhase;
			buildActionMask = 2147483647;
			files = (
			);
			runOnlyForDeploymentPostprocessing = 0;
		};
		5A8297C2237DEFA100D7A051 /* Resources */ = {
			isa = PBXResourcesBuildPhase;
			buildActionMask = 2147483647;
			files = (
			);
			runOnlyForDeploymentPostprocessing = 0;
		};
/* End PBXResourcesBuildPhase section */

/* Begin PBXSourcesBuildPhase section */
		5A82979F237DEFA000D7A051 /* Sources */ = {
			isa = PBXSourcesBuildPhase;
			buildActionMask = 2147483647;
			files = (
				5A8297AB237DEFA000D7A051 /* ViewController.swift in Sources */,
				5A8297A7237DEFA000D7A051 /* AppDelegate.swift in Sources */,
				5A8297A9237DEFA000D7A051 /* SceneDelegate.swift in Sources */,
			);
			runOnlyForDeploymentPostprocessing = 0;
		};
		5A8297B5237DEFA100D7A051 /* Sources */ = {
			isa = PBXSourcesBuildPhase;
			buildActionMask = 2147483647;
			files = (
				5A8297BE237DEFA100D7A051 /* CassiniTests.swift in Sources */,
			);
			runOnlyForDeploymentPostprocessing = 0;
		};
		5A8297C0237DEFA100D7A051 /* Sources */ = {
			isa = PBXSourcesBuildPhase;
			buildActionMask = 2147483647;
			files = (
				5A8297C9237DEFA100D7A051 /* CassiniUITests.swift in Sources */,
			);
			runOnlyForDeploymentPostprocessing = 0;
		};
/* End PBXSourcesBuildPhase section */

/* Begin PBXTargetDependency section */
		5A8297BB237DEFA100D7A051 /* PBXTargetDependency */ = {
			isa = PBXTargetDependency;
			target = 5A8297A2237DEFA000D7A051 /* Cassini */;
			targetProxy = 5A8297BA237DEFA100D7A051 /* PBXContainerItemProxy */;
		};
		5A8297C6237DEFA100D7A051 /* PBXTargetDependency */ = {
			isa = PBXTargetDependency;
			target = 5A8297A2237DEFA000D7A051 /* Cassini */;
			targetProxy = 5A8297C5237DEFA100D7A051 /* PBXContainerItemProxy */;
		};
/* End PBXTargetDependency section */

/* Begin PBXVariantGroup section */
		5A8297AC237DEFA000D7A051 /* Main.storyboard */ = {
			isa = PBXVariantGroup;
			children = (
				5A8297AD237DEFA000D7A051 /* Base */,
			);
			name = Main.storyboard;
			sourceTree = "<group>";
		};
		5A8297B1237DEFA000D7A051 /* LaunchScreen.storyboard */ = {
			isa = PBXVariantGroup;
			children = (
				5A8297B2237DEFA000D7A051 /* Base */,
			);
			name = LaunchScreen.storyboard;
			sourceTree = "<group>";
		};
/* End PBXVariantGroup section */

/* Begin XCBuildConfiguration section */
		5A8297CB237DEFA100D7A051 /* Debug */ = {
			isa = XCBuildConfiguration;
			buildSettings = {
				ALWAYS_SEARCH_USER_PATHS = NO;
				CLANG_ANALYZER_NONNULL = YES;
				CLANG_ANALYZER_NUMBER_OBJECT_CONVERSION = YES_AGGRESSIVE;
				CLANG_CXX_LANGUAGE_STANDARD = "gnu++14";
				CLANG_CXX_LIBRARY = "libc++";
				CLANG_ENABLE_MODULES = YES;
				CLANG_ENABLE_OBJC_ARC = YES;
				CLANG_ENABLE_OBJC_WEAK = YES;
				CLANG_WARN_BLOCK_CAPTURE_AUTORELEASING = YES;
				CLANG_WARN_BOOL_CONVERSION = YES;
				CLANG_WARN_COMMA = YES;
				CLANG_WARN_CONSTANT_CONVERSION = YES;
				CLANG_WARN_DEPRECATED_OBJC_IMPLEMENTATIONS = YES;
				CLANG_WARN_DIRECT_OBJC_ISA_USAGE = YES_ERROR;
				CLANG_WARN_DOCUMENTATION_COMMENTS = YES;
				CLANG_WARN_EMPTY_BODY = YES;
				CLANG_WARN_ENUM_CONVERSION = YES;
				CLANG_WARN_INFINITE_RECURSION = YES;
				CLANG_WARN_INT_CONVERSION = YES;
				CLANG_WARN_NON_LITERAL_NULL_CONVERSION = YES;
				CLANG_WARN_OBJC_IMPLICIT_RETAIN_SELF = YES;
				CLANG_WARN_OBJC_LITERAL_CONVERSION = YES;
				CLANG_WARN_OBJC_ROOT_CLASS = YES_ERROR;
				CLANG_WARN_RANGE_LOOP_ANALYSIS = YES;
				CLANG_WARN_STRICT_PROTOTYPES = YES;
				CLANG_WARN_SUSPICIOUS_MOVE = YES;
				CLANG_WARN_UNGUARDED_AVAILABILITY = YES_AGGRESSIVE;
				CLANG_WARN_UNREACHABLE_CODE = YES;
				CLANG_WARN__DUPLICATE_METHOD_MATCH = YES;
				COPY_PHASE_STRIP = NO;
				DEBUG_INFORMATION_FORMAT = dwarf;
				ENABLE_STRICT_OBJC_MSGSEND = YES;
				ENABLE_TESTABILITY = YES;
				GCC_C_LANGUAGE_STANDARD = gnu11;
				GCC_DYNAMIC_NO_PIC = NO;
				GCC_NO_COMMON_BLOCKS = YES;
				GCC_OPTIMIZATION_LEVEL = 0;
				GCC_PREPROCESSOR_DEFINITIONS = (
					"DEBUG=1",
					"$(inherited)",
				);
				GCC_WARN_64_TO_32_BIT_CONVERSION = YES;
				GCC_WARN_ABOUT_RETURN_TYPE = YES_ERROR;
				GCC_WARN_UNDECLARED_SELECTOR = YES;
				GCC_WARN_UNINITIALIZED_AUTOS = YES_AGGRESSIVE;
				GCC_WARN_UNUSED_FUNCTION = YES;
				GCC_WARN_UNUSED_VARIABLE = YES;
				IPHONEOS_DEPLOYMENT_TARGET = 13.2;
				MTL_ENABLE_DEBUG_INFO = INCLUDE_SOURCE;
				MTL_FAST_MATH = YES;
				ONLY_ACTIVE_ARCH = YES;
				SDKROOT = iphoneos;
				SWIFT_ACTIVE_COMPILATION_CONDITIONS = DEBUG;
				SWIFT_OPTIMIZATION_LEVEL = "-Onone";
			};
			name = Debug;
		};
		5A8297CC237DEFA100D7A051 /* Release */ = {
			isa = XCBuildConfiguration;
			buildSettings = {
				ALWAYS_SEARCH_USER_PATHS = NO;
				CLANG_ANALYZER_NONNULL = YES;
				CLANG_ANALYZER_NUMBER_OBJECT_CONVERSION = YES_AGGRESSIVE;
				CLANG_CXX_LANGUAGE_STANDARD = "gnu++14";
				CLANG_CXX_LIBRARY = "libc++";
				CLANG_ENABLE_MODULES = YES;
				CLANG_ENABLE_OBJC_ARC = YES;
				CLANG_ENABLE_OBJC_WEAK = YES;
				CLANG_WARN_BLOCK_CAPTURE_AUTORELEASING = YES;
				CLANG_WARN_BOOL_CONVERSION = YES;
				CLANG_WARN_COMMA = YES;
				CLANG_WARN_CONSTANT_CONVERSION = YES;
				CLANG_WARN_DEPRECATED_OBJC_IMPLEMENTATIONS = YES;
				CLANG_WARN_DIRECT_OBJC_ISA_USAGE = YES_ERROR;
				CLANG_WARN_DOCUMENTATION_COMMENTS = YES;
				CLANG_WARN_EMPTY_BODY = YES;
				CLANG_WARN_ENUM_CONVERSION = YES;
				CLANG_WARN_INFINITE_RECURSION = YES;
				CLANG_WARN_INT_CONVERSION = YES;
				CLANG_WARN_NON_LITERAL_NULL_CONVERSION = YES;
				CLANG_WARN_OBJC_IMPLICIT_RETAIN_SELF = YES;
				CLANG_WARN_OBJC_LITERAL_CONVERSION = YES;
				CLANG_WARN_OBJC_ROOT_CLASS = YES_ERROR;
				CLANG_WARN_RANGE_LOOP_ANALYSIS = YES;
				CLANG_WARN_STRICT_PROTOTYPES = YES;
				CLANG_WARN_SUSPICIOUS_MOVE = YES;
				CLANG_WARN_UNGUARDED_AVAILABILITY = YES_AGGRESSIVE;
				CLANG_WARN_UNREACHABLE_CODE = YES;
				CLANG_WARN__DUPLICATE_METHOD_MATCH = YES;
				COPY_PHASE_STRIP = NO;
				DEBUG_INFORMATION_FORMAT = "dwarf-with-dsym";
				ENABLE_NS_ASSERTIONS = NO;
				ENABLE_STRICT_OBJC_MSGSEND = YES;
				GCC_C_LANGUAGE_STANDARD = gnu11;
				GCC_NO_COMMON_BLOCKS = YES;
				GCC_WARN_64_TO_32_BIT_CONVERSION = YES;
				GCC_WARN_ABOUT_RETURN_TYPE = YES_ERROR;
				GCC_WARN_UNDECLARED_SELECTOR = YES;
				GCC_WARN_UNINITIALIZED_AUTOS = YES_AGGRESSIVE;
				GCC_WARN_UNUSED_FUNCTION = YES;
				GCC_WARN_UNUSED_VARIABLE = YES;
				IPHONEOS_DEPLOYMENT_TARGET = 13.2;
				MTL_ENABLE_DEBUG_INFO = NO;
				MTL_FAST_MATH = YES;
				SDKROOT = iphoneos;
				SWIFT_COMPILATION_MODE = wholemodule;
				SWIFT_OPTIMIZATION_LEVEL = "-O";
				VALIDATE_PRODUCT = YES;
			};
			name = Release;
		};
		5A8297CE237DEFA100D7A051 /* Debug */ = {
			isa = XCBuildConfiguration;
			buildSettings = {
				ASSETCATALOG_COMPILER_APPICON_NAME = AppIcon;
				CODE_SIGN_STYLE = Automatic;
				DEVELOPMENT_TEAM = 2S3C473DW6;
				INFOPLIST_FILE = Cassini/Info.plist;
				LD_RUNPATH_SEARCH_PATHS = (
					"$(inherited)",
					"@executable_path/Frameworks",
				);
				PRODUCT_BUNDLE_IDENTIFIER = com.YesVladess.Cassini;
				PRODUCT_NAME = "$(TARGET_NAME)";
				SWIFT_VERSION = 5.0;
				TARGETED_DEVICE_FAMILY = "1,2";
			};
			name = Debug;
		};
		5A8297CF237DEFA100D7A051 /* Release */ = {
			isa = XCBuildConfiguration;
			buildSettings = {
				ASSETCATALOG_COMPILER_APPICON_NAME = AppIcon;
				CODE_SIGN_STYLE = Automatic;
				DEVELOPMENT_TEAM = 2S3C473DW6;
				INFOPLIST_FILE = Cassini/Info.plist;
				LD_RUNPATH_SEARCH_PATHS = (
					"$(inherited)",
					"@executable_path/Frameworks",
				);
				PRODUCT_BUNDLE_IDENTIFIER = com.YesVladess.Cassini;
				PRODUCT_NAME = "$(TARGET_NAME)";
				SWIFT_VERSION = 5.0;
				TARGETED_DEVICE_FAMILY = "1,2";
			};
			name = Release;
		};
		5A8297D1237DEFA100D7A051 /* Debug */ = {
			isa = XCBuildConfiguration;
			buildSettings = {
				ALWAYS_EMBED_SWIFT_STANDARD_LIBRARIES = YES;
				BUNDLE_LOADER = "$(TEST_HOST)";
				CODE_SIGN_STYLE = Automatic;
				DEVELOPMENT_TEAM = 2S3C473DW6;
				INFOPLIST_FILE = CassiniTests/Info.plist;
				IPHONEOS_DEPLOYMENT_TARGET = 13.2;
				LD_RUNPATH_SEARCH_PATHS = (
					"$(inherited)",
					"@executable_path/Frameworks",
					"@loader_path/Frameworks",
				);
				PRODUCT_BUNDLE_IDENTIFIER = com.YesVladess.CassiniTests;
				PRODUCT_NAME = "$(TARGET_NAME)";
				SWIFT_VERSION = 5.0;
				TARGETED_DEVICE_FAMILY = "1,2";
				TEST_HOST = "$(BUILT_PRODUCTS_DIR)/Cassini.app/Cassini";
			};
			name = Debug;
		};
		5A8297D2237DEFA100D7A051 /* Release */ = {
			isa = XCBuildConfiguration;
			buildSettings = {
				ALWAYS_EMBED_SWIFT_STANDARD_LIBRARIES = YES;
				BUNDLE_LOADER = "$(TEST_HOST)";
				CODE_SIGN_STYLE = Automatic;
				DEVELOPMENT_TEAM = 2S3C473DW6;
				INFOPLIST_FILE = CassiniTests/Info.plist;
				IPHONEOS_DEPLOYMENT_TARGET = 13.2;
				LD_RUNPATH_SEARCH_PATHS = (
					"$(inherited)",
					"@executable_path/Frameworks",
					"@loader_path/Frameworks",
				);
				PRODUCT_BUNDLE_IDENTIFIER = com.YesVladess.CassiniTests;
				PRODUCT_NAME = "$(TARGET_NAME)";
				SWIFT_VERSION = 5.0;
				TARGETED_DEVICE_FAMILY = "1,2";
				TEST_HOST = "$(BUILT_PRODUCTS_DIR)/Cassini.app/Cassini";
			};
			name = Release;
		};
		5A8297D4237DEFA100D7A051 /* Debug */ = {
			isa = XCBuildConfiguration;
			buildSettings = {
				ALWAYS_EMBED_SWIFT_STANDARD_LIBRARIES = YES;
				CODE_SIGN_STYLE = Automatic;
				DEVELOPMENT_TEAM = 2S3C473DW6;
				INFOPLIST_FILE = CassiniUITests/Info.plist;
				LD_RUNPATH_SEARCH_PATHS = (
					"$(inherited)",
					"@executable_path/Frameworks",
					"@loader_path/Frameworks",
				);
				PRODUCT_BUNDLE_IDENTIFIER = com.YesVladess.CassiniUITests;
				PRODUCT_NAME = "$(TARGET_NAME)";
				SWIFT_VERSION = 5.0;
				TARGETED_DEVICE_FAMILY = "1,2";
				TEST_TARGET_NAME = Cassini;
			};
			name = Debug;
		};
		5A8297D5237DEFA100D7A051 /* Release */ = {
			isa = XCBuildConfiguration;
			buildSettings = {
				ALWAYS_EMBED_SWIFT_STANDARD_LIBRARIES = YES;
				CODE_SIGN_STYLE = Automatic;
				DEVELOPMENT_TEAM = 2S3C473DW6;
				INFOPLIST_FILE = CassiniUITests/Info.plist;
				LD_RUNPATH_SEARCH_PATHS = (
					"$(inherited)",
					"@executable_path/Frameworks",
					"@loader_path/Frameworks",
				);
				PRODUCT_BUNDLE_IDENTIFIER = com.YesVladess.CassiniUITests;
				PRODUCT_NAME = "$(TARGET_NAME)";
				SWIFT_VERSION = 5.0;
				TARGETED_DEVICE_FAMILY = "1,2";
				TEST_TARGET_NAME = Cassini;
			};
			name = Release;
		};
/* End XCBuildConfiguration section */

/* Begin XCConfigurationList section */
		5A82979E237DEFA000D7A051 /* Build configuration list for PBXProject "Cassini" */ = {
			isa = XCConfigurationList;
			buildConfigurations = (
				5A8297CB237DEFA100D7A051 /* Debug */,
				5A8297CC237DEFA100D7A051 /* Release */,
			);
			defaultConfigurationIsVisible = 0;
			defaultConfigurationName = Release;
		};
		5A8297CD237DEFA100D7A051 /* Build configuration list for PBXNativeTarget "Cassini" */ = {
			isa = XCConfigurationList;
			buildConfigurations = (
				5A8297CE237DEFA100D7A051 /* Debug */,
				5A8297CF237DEFA100D7A051 /* Release */,
			);
			defaultConfigurationIsVisible = 0;
			defaultConfigurationName = Release;
		};
		5A8297D0237DEFA100D7A051 /* Build configuration list for PBXNativeTarget "CassiniTests" */ = {
			isa = XCConfigurationList;
			buildConfigurations = (
				5A8297D1237DEFA100D7A051 /* Debug */,
				5A8297D2237DEFA100D7A051 /* Release */,
			);
			defaultConfigurationIsVisible = 0;
			defaultConfigurationName = Release;
		};
		5A8297D3237DEFA100D7A051 /* Build configuration list for PBXNativeTarget "CassiniUITests" */ = {
			isa = XCConfigurationList;
			buildConfigurations = (
				5A8297D4237DEFA100D7A051 /* Debug */,
				5A8297D5237DEFA100D7A051 /* Release */,
			);
			defaultConfigurationIsVisible = 0;
			defaultConfigurationName = Release;
		};
/* End XCConfigurationList section */
	};
	rootObject = 5A82979B237DEFA000D7A051 /* Project object */;
}
